
Microsoft Visual Studio Solution File, Format Version 12.00
# Visual Studio Version 17
VisualStudioVersion = 17.7.34031.279
MinimumVisualStudioVersion = 10.0.40219.1
Project("{9A19103F-16F7-4668-BE54-9A1E7A4F7556}") = "QCTestProject", "QCTestProject\QCTestProject.csproj", "{9F681A96-C78B-43F2-B63A-F6DBE9A4B68E}"
EndProject
Project("{2150E333-8FDC-42A3-9474-1A3956D46DE8}") = "Tests", "Tests", "{40D4E3E1-0F41-4BB5-A008-9BC75C3439F4}"
EndProject
Project("{FAE04EC0-301F-11D3-BF4B-00C04F79EFBC}") = "UnitTest", "tests\UnitTest\UnitTest.csproj", "{2DA92333-A7F6-499B-B37A-00BEFFE573B5}"
EndProject
Global
	GlobalSection(SolutionConfigurationPlatforms) = preSolution
		Debug|Any CPU = Debug|Any CPU
		Release|Any CPU = Release|Any CPU
	EndGlobalSection
	GlobalSection(ProjectConfigurationPlatforms) = postSolution
		{9F681A96-C78B-43F2-B63A-F6DBE9A4B68E}.Debug|Any CPU.ActiveCfg = Debug|Any CPU
		{9F681A96-C78B-43F2-B63A-F6DBE9A4B68E}.Debug|Any CPU.Build.0 = Debug|Any CPU
		{9F681A96-C78B-43F2-B63A-F6DBE9A4B68E}.Release|Any CPU.ActiveCfg = Release|Any CPU
		{9F681A96-C78B-43F2-B63A-F6DBE9A4B68E}.Release|Any CPU.Build.0 = Release|Any CPU
		{2DA92333-A7F6-499B-B37A-00BEFFE573B5}.Debug|Any CPU.ActiveCfg = Debug|Any CPU
		{2DA92333-A7F6-499B-B37A-00BEFFE573B5}.Debug|Any CPU.Build.0 = Debug|Any CPU
		{2DA92333-A7F6-499B-B37A-00BEFFE573B5}.Release|Any CPU.ActiveCfg = Release|Any CPU
		{2DA92333-A7F6-499B-B37A-00BEFFE573B5}.Release|Any CPU.Build.0 = Release|Any CPU
	EndGlobalSection
	GlobalSection(SolutionProperties) = preSolution
		HideSolutionNode = FALSE
	EndGlobalSection
	GlobalSection(NestedProjects) = preSolution
		{2DA92333-A7F6-499B-B37A-00BEFFE573B5} = {40D4E3E1-0F41-4BB5-A008-9BC75C3439F4}
	EndGlobalSection
	GlobalSection(ExtensibilityGlobals) = postSolution
		SolutionGuid = {516CDD75-B13A-45EE-A2C8-9160E12954AE}
	EndGlobalSection
EndGlobal
